// !$*UTF8*$!
{
	archiveVersion = 1;
	classes = {
	};
	objectVersion = 46;
	objects = {

/* Begin PBXBuildFile section */
		BA75892C1D668CEE00D8BCCE /* main.m in Sources */ = {isa = PBXBuildFile; fileRef = BA75892B1D668CEE00D8BCCE /* main.m */; };
		BA75892F1D668CEE00D8BCCE /* AppDelegate.m in Sources */ = {isa = PBXBuildFile; fileRef = BA75892E1D668CEE00D8BCCE /* AppDelegate.m */; };
		BA7589321D668CEE00D8BCCE /* ViewController.m in Sources */ = {isa = PBXBuildFile; fileRef = BA7589311D668CEE00D8BCCE /* ViewController.m */; };
		BA7589351D668CEF00D8BCCE /* Main.storyboard in Resources */ = {isa = PBXBuildFile; fileRef = BA7589331D668CEF00D8BCCE /* Main.storyboard */; };
		BA7589371D668CEF00D8BCCE /* Assets.xcassets in Resources */ = {isa = PBXBuildFile; fileRef = BA7589361D668CEF00D8BCCE /* Assets.xcassets */; };
		BA75893A1D668CEF00D8BCCE /* LaunchScreen.storyboard in Resources */ = {isa = PBXBuildFile; fileRef = BA7589381D668CEF00D8BCCE /* LaunchScreen.storyboard */; };
		BA7589451D668CEF00D8BCCE /* ____Tests.m in Sources */ = {isa = PBXBuildFile; fileRef = BA7589441D668CEF00D8BCCE /* ____Tests.m */; };
		BA7589501D668CEF00D8BCCE /* ____UITests.m in Sources */ = {isa = PBXBuildFile; fileRef = BA75894F1D668CEF00D8BCCE /* ____UITests.m */; };
/* End PBXBuildFile section */

/* Begin PBXContainerItemProxy section */
		BA7589411D668CEF00D8BCCE /* PBXContainerItemProxy */ = {
			isa = PBXContainerItemProxy;
			containerPortal = BA75891F1D668CEE00D8BCCE /* Project object */;
			proxyType = 1;
			remoteGlobalIDString = BA7589261D668CEE00D8BCCE;
			remoteInfo = "索引列表";
		};
		BA75894C1D668CEF00D8BCCE /* PBXContainerItemProxy */ = {
			isa = PBXContainerItemProxy;
			containerPortal = BA75891F1D668CEE00D8BCCE /* Project object */;
			proxyType = 1;
			remoteGlobalIDString = BA7589261D668CEE00D8BCCE;
			remoteInfo = "索引列表";
		};
/* End PBXContainerItemProxy section */

/* Begin PBXFileReference section */
		BA7589271D668CEE00D8BCCE /* 索引列表.app */ = {isa = PBXFileReference; explicitFileType = wrapper.application; includeInIndex = 0; path = "索引列表.app"; sourceTree = BUILT_PRODUCTS_DIR; };
		BA75892B1D668CEE00D8BCCE /* main.m */ = {isa = PBXFileReference; lastKnownFileType = sourcecode.c.objc; path = main.m; sourceTree = "<group>"; };
		BA75892D1D668CEE00D8BCCE /* AppDelegate.h */ = {isa = PBXFileReference; lastKnownFileType = sourcecode.c.h; path = AppDelegate.h; sourceTree = "<group>"; };
		BA75892E1D668CEE00D8BCCE /* AppDelegate.m */ = {isa = PBXFileReference; lastKnownFileType = sourcecode.c.objc; path = AppDelegate.m; sourceTree = "<group>"; };
		BA7589301D668CEE00D8BCCE /* ViewController.h */ = {isa = PBXFileReference; lastKnownFileType = sourcecode.c.h; path = ViewController.h; sourceTree = "<group>"; };
		BA7589311D668CEE00D8BCCE /* ViewController.m */ = {isa = PBXFileReference; lastKnownFileType = sourcecode.c.objc; path = ViewController.m; sourceTree = "<group>"; };
		BA7589341D668CEF00D8BCCE /* Base */ = {isa = PBXFileReference; lastKnownFileType = file.storyboard; name = Base; path = Base.lproj/Main.storyboard; sourceTree = "<group>"; };
		BA7589361D668CEF00D8BCCE /* Assets.xcassets */ = {isa = PBXFileReference; lastKnownFileType = folder.assetcatalog; path = Assets.xcassets; sourceTree = "<group>"; };
		BA7589391D668CEF00D8BCCE /* Base */ = {isa = PBXFileReference; lastKnownFileType = file.storyboard; name = Base; path = Base.lproj/LaunchScreen.storyboard; sourceTree = "<group>"; };
		BA75893B1D668CEF00D8BCCE /* Info.plist */ = {isa = PBXFileReference; lastKnownFileType = text.plist.xml; path = Info.plist; sourceTree = "<group>"; };
		BA7589401D668CEF00D8BCCE /* 索引列表Tests.xctest */ = {isa = PBXFileReference; explicitFileType = wrapper.cfbundle; includeInIndex = 0; path = "索引列表Tests.xctest"; sourceTree = BUILT_PRODUCTS_DIR; };
		BA7589441D668CEF00D8BCCE /* ____Tests.m */ = {isa = PBXFileReference; lastKnownFileType = sourcecode.c.objc; path = "____Tests.m"; sourceTree = "<group>"; };
		BA7589461D668CEF00D8BCCE /* Info.plist */ = {isa = PBXFileReference; lastKnownFileType = text.plist.xml; path = Info.plist; sourceTree = "<group>"; };
		BA75894B1D668CEF00D8BCCE /* 索引列表UITests.xctest */ = {isa = PBXFileReference; explicitFileType = wrapper.cfbundle; includeInIndex = 0; path = "索引列表UITests.xctest"; sourceTree = BUILT_PRODUCTS_DIR; };
		BA75894F1D668CEF00D8BCCE /* ____UITests.m */ = {isa = PBXFileReference; lastKnownFileType = sourcecode.c.objc; path = "____UITests.m"; sourceTree = "<group>"; };
		BA7589511D668CEF00D8BCCE /* Info.plist */ = {isa = PBXFileReference; lastKnownFileType = text.plist.xml; path = Info.plist; sourceTree = "<group>"; };
/* End PBXFileReference section */

/* Begin PBXFrameworksBuildPhase section */
		BA7589241D668CEE00D8BCCE /* Frameworks */ = {
			isa = PBXFrameworksBuildPhase;
			buildActionMask = 2147483647;
			files = (
			);
			runOnlyForDeploymentPostprocessing = 0;
		};
		BA75893D1D668CEF00D8BCCE /* Frameworks */ = {
			isa = PBXFrameworksBuildPhase;
			buildActionMask = 2147483647;
			files = (
			);
			runOnlyForDeploymentPostprocessing = 0;
		};
		BA7589481D668CEF00D8BCCE /* Frameworks */ = {
			isa = PBXFrameworksBuildPhase;
			buildActionMask = 2147483647;
			files = (
			);
			runOnlyForDeploymentPostprocessing = 0;
		};
/* End PBXFrameworksBuildPhase section */

/* Begin PBXGroup section */
		BA75891E1D668CEE00D8BCCE = {
			isa = PBXGroup;
			children = (
				BA7589291D668CEE00D8BCCE /* 索引列表 */,
				BA7589431D668CEF00D8BCCE /* 索引列表Tests */,
				BA75894E1D668CEF00D8BCCE /* 索引列表UITests */,
				BA7589281D668CEE00D8BCCE /* Products */,
			);
			sourceTree = "<group>";
		};
		BA7589281D668CEE00D8BCCE /* Products */ = {
			isa = PBXGroup;
			children = (
				BA7589271D668CEE00D8BCCE /* 索引列表.app */,
				BA7589401D668CEF00D8BCCE /* 索引列表Tests.xctest */,
				BA75894B1D668CEF00D8BCCE /* 索引列表UITests.xctest */,
			);
			name = Products;
			sourceTree = "<group>";
		};
		BA7589291D668CEE00D8BCCE /* 索引列表 */ = {
			isa = PBXGroup;
			children = (
				BA75892D1D668CEE00D8BCCE /* AppDelegate.h */,
				BA75892E1D668CEE00D8BCCE /* AppDelegate.m */,
				BA7589301D668CEE00D8BCCE /* ViewController.h */,
				BA7589311D668CEE00D8BCCE /* ViewController.m */,
				BA7589331D668CEF00D8BCCE /* Main.storyboard */,
				BA7589361D668CEF00D8BCCE /* Assets.xcassets */,
				BA7589381D668CEF00D8BCCE /* LaunchScreen.storyboard */,
				BA75893B1D668CEF00D8BCCE /* Info.plist */,
				BA75892A1D668CEE00D8BCCE /* Supporting Files */,
			);
			path = "索引列表";
			sourceTree = "<group>";
		};
		BA75892A1D668CEE00D8BCCE /* Supporting Files */ = {
			isa = PBXGroup;
			children = (
				BA75892B1D668CEE00D8BCCE /* main.m */,
			);
			name = "Supporting Files";
			sourceTree = "<group>";
		};
		BA7589431D668CEF00D8BCCE /* 索引列表Tests */ = {
			isa = PBXGroup;
			children = (
				BA7589441D668CEF00D8BCCE /* ____Tests.m */,
				BA7589461D668CEF00D8BCCE /* Info.plist */,
			);
			path = "索引列表Tests";
			sourceTree = "<group>";
		};
		BA75894E1D668CEF00D8BCCE /* 索引列表UITests */ = {
			isa = PBXGroup;
			children = (
				BA75894F1D668CEF00D8BCCE /* ____UITests.m */,
				BA7589511D668CEF00D8BCCE /* Info.plist */,
			);
			path = "索引列表UITests";
			sourceTree = "<group>";
		};
/* End PBXGroup section */

/* Begin PBXNativeTarget section */
		BA7589261D668CEE00D8BCCE /* 索引列表 */ = {
			isa = PBXNativeTarget;
			buildConfigurationList = BA7589541D668CEF00D8BCCE /* Build configuration list for PBXNativeTarget "索引列表" */;
			buildPhases = (
				BA7589231D668CEE00D8BCCE /* Sources */,
				BA7589241D668CEE00D8BCCE /* Frameworks */,
				BA7589251D668CEE00D8BCCE /* Resources */,
			);
			buildRules = (
			);
			dependencies = (
			);
			name = "索引列表";
			productName = "索引列表";
			productReference = BA7589271D668CEE00D8BCCE /* 索引列表.app */;
			productType = "com.apple.product-type.application";
		};
		BA75893F1D668CEF00D8BCCE /* 索引列表Tests */ = {
			isa = PBXNativeTarget;
			buildConfigurationList = BA7589571D668CEF00D8BCCE /* Build configuration list for PBXNativeTarget "索引列表Tests" */;
			buildPhases = (
				BA75893C1D668CEF00D8BCCE /* Sources */,
				BA75893D1D668CEF00D8BCCE /* Frameworks */,
				BA75893E1D668CEF00D8BCCE /* Resources */,
			);
			buildRules = (
			);
			dependencies = (
				BA7589421D668CEF00D8BCCE /* PBXTargetDependency */,
			);
			name = "索引列表Tests";
			productName = "索引列表Tests";
			productReference = BA7589401D668CEF00D8BCCE /* 索引列表Tests.xctest */;
			productType = "com.apple.product-type.bundle.unit-test";
		};
		BA75894A1D668CEF00D8BCCE /* 索引列表UITests */ = {
			isa = PBXNativeTarget;
			buildConfigurationList = BA75895A1D668CEF00D8BCCE /* Build configuration list for PBXNativeTarget "索引列表UITests" */;
			buildPhases = (
				BA7589471D668CEF00D8BCCE /* Sources */,
				BA7589481D668CEF00D8BCCE /* Frameworks */,
				BA7589491D668CEF00D8BCCE /* Resources */,
			);
			buildRules = (
			);
			dependencies = (
				BA75894D1D668CEF00D8BCCE /* PBXTargetDependency */,
			);
			name = "索引列表UITests";
			productName = "索引列表UITests";
			productReference = BA75894B1D668CEF00D8BCCE /* 索引列表UITests.xctest */;
			productType = "com.apple.product-type.bundle.ui-testing";
		};
/* End PBXNativeTarget section */

/* Begin PBXProject section */
		BA75891F1D668CEE00D8BCCE /* Project object */ = {
			isa = PBXProject;
			attributes = {
				LastUpgradeCheck = 0720;
				ORGANIZATIONNAME = hbgl;
				TargetAttributes = {
					BA7589261D668CEE00D8BCCE = {
						CreatedOnToolsVersion = 7.2;
					};
					BA75893F1D668CEF00D8BCCE = {
						CreatedOnToolsVersion = 7.2;
						TestTargetID = BA7589261D668CEE00D8BCCE;
					};
					BA75894A1D668CEF00D8BCCE = {
						CreatedOnToolsVersion = 7.2;
						TestTargetID = BA7589261D668CEE00D8BCCE;
					};
				};
			};
			buildConfigurationList = BA7589221D668CEE00D8BCCE /* Build configuration list for PBXProject "索引列表" */;
			compatibilityVersion = "Xcode 3.2";
			developmentRegion = English;
			hasScannedForEncodings = 0;
			knownRegions = (
				en,
				Base,
			);
			mainGroup = BA75891E1D668CEE00D8BCCE;
			productRefGroup = BA7589281D668CEE00D8BCCE /* Products */;
			projectDirPath = "";
			projectRoot = "";
			targets = (
				BA7589261D668CEE00D8BCCE /* 索引列表 */,
				BA75893F1D668CEF00D8BCCE /* 索引列表Tests */,
				BA75894A1D668CEF00D8BCCE /* 索引列表UITests */,
			);
		};
/* End PBXProject section */

/* Begin PBXResourcesBuildPhase section */
		BA7589251D668CEE00D8BCCE /* Resources */ = {
			isa = PBXResourcesBuildPhase;
			buildActionMask = 2147483647;
			files = (
				BA75893A1D668CEF00D8BCCE /* LaunchScreen.storyboard in Resources */,
				BA7589371D668CEF00D8BCCE /* Assets.xcassets in Resources */,
				BA7589351D668CEF00D8BCCE /* Main.storyboard in Resources */,
			);
			runOnlyForDeploymentPostprocessing = 0;
		};
		BA75893E1D668CEF00D8BCCE /* Resources */ = {
			isa = PBXResourcesBuildPhase;
			buildActionMask = 2147483647;
			files = (
			);
			runOnlyForDeploymentPostprocessing = 0;
		};
		BA7589491D668CEF00D8BCCE /* Resources */ = {
			isa = PBXResourcesBuildPhase;
			buildActionMask = 2147483647;
			files = (
			);
			runOnlyForDeploymentPostprocessing = 0;
		};
/* End PBXResourcesBuildPhase section */

/* Begin PBXSourcesBuildPhase section */
		BA7589231D668CEE00D8BCCE /* Sources */ = {
			isa = PBXSourcesBuildPhase;
			buildActionMask = 2147483647;
			files = (
				BA7589321D668CEE00D8BCCE /* ViewController.m in Sources */,
				BA75892F1D668CEE00D8BCCE /* AppDelegate.m in Sources */,
				BA75892C1D668CEE00D8BCCE /* main.m in Sources */,
			);
			runOnlyForDeploymentPostprocessing = 0;
		};
		BA75893C1D668CEF00D8BCCE /* Sources */ = {
			isa = PBXSourcesBuildPhase;
			buildActionMask = 2147483647;
			files = (
				BA7589451D668CEF00D8BCCE /* ____Tests.m in Sources */,
			);
			runOnlyForDeploymentPostprocessing = 0;
		};
		BA7589471D668CEF00D8BCCE /* Sources */ = {
			isa = PBXSourcesBuildPhase;
			buildActionMask = 2147483647;
			files = (
				BA7589501D668CEF00D8BCCE /* ____UITests.m in Sources */,
			);
			runOnlyForDeploymentPostprocessing = 0;
		};
/* End PBXSourcesBuildPhase section */

/* Begin PBXTargetDependency section */
		BA7589421D668CEF00D8BCCE /* PBXTargetDependency */ = {
			isa = PBXTargetDependency;
			target = BA7589261D668CEE00D8BCCE /* 索引列表 */;
			targetProxy = BA7589411D668CEF00D8BCCE /* PBXContainerItemProxy */;
		};
		BA75894D1D668CEF00D8BCCE /* PBXTargetDependency */ = {
			isa = PBXTargetDependency;
			target = BA7589261D668CEE00D8BCCE /* 索引列表 */;
			targetProxy = BA75894C1D668CEF00D8BCCE /* PBXContainerItemProxy */;
		};
/* End PBXTargetDependency section */

/* Begin PBXVariantGroup section */
		BA7589331D668CEF00D8BCCE /* Main.storyboard */ = {
			isa = PBXVariantGroup;
			children = (
				BA7589341D668CEF00D8BCCE /* Base */,
			);
			name = Main.storyboard;
			sourceTree = "<group>";
		};
		BA7589381D668CEF00D8BCCE /* LaunchScreen.storyboard */ = {
			isa = PBXVariantGroup;
			children = (
				BA7589391D668CEF00D8BCCE /* Base */,
			);
			name = LaunchScreen.storyboard;
			sourceTree = "<group>";
		};
/* End PBXVariantGroup section */

/* Begin XCBuildConfiguration section */
		BA7589521D668CEF00D8BCCE /* Debug */ = {
			isa = XCBuildConfiguration;
			buildSettings = {
				ALWAYS_SEARCH_USER_PATHS = NO;
				CLANG_CXX_LANGUAGE_STANDARD = "gnu++0x";
				CLANG_CXX_LIBRARY = "libc++";
				CLANG_ENABLE_MODULES = YES;
				CLANG_ENABLE_OBJC_ARC = YES;
				CLANG_WARN_BOOL_CONVERSION = YES;
				CLANG_WARN_CONSTANT_CONVERSION = YES;
				CLANG_WARN_DIRECT_OBJC_ISA_USAGE = YES_ERROR;
				CLANG_WARN_EMPTY_BODY = YES;
				CLANG_WARN_ENUM_CONVERSION = YES;
				CLANG_WARN_INT_CONVERSION = YES;
				CLANG_WARN_OBJC_ROOT_CLASS = YES_ERROR;
				CLANG_WARN_UNREACHABLE_CODE = YES;
				CLANG_WARN__DUPLICATE_METHOD_MATCH = YES;
				"CODE_SIGN_IDENTITY[sdk=iphoneos*]" = "iPhone Developer";
				COPY_PHASE_STRIP = NO;
				DEBUG_INFORMATION_FORMAT = dwarf;
				ENABLE_STRICT_OBJC_MSGSEND = YES;
				ENABLE_TESTABILITY = YES;
				GCC_C_LANGUAGE_STANDARD = gnu99;
				GCC_DYNAMIC_NO_PIC = NO;
				GCC_NO_COMMON_BLOCKS = YES;
				GCC_OPTIMIZATION_LEVEL = 0;
				GCC_PREPROCESSOR_DEFINITIONS = (
					"DEBUG=1",
					"$(inherited)",
				);
				GCC_WARN_64_TO_32_BIT_CONVERSION = YES;
				GCC_WARN_ABOUT_RETURN_TYPE = YES_ERROR;
				GCC_WARN_UNDECLARED_SELECTOR = YES;
				GCC_WARN_UNINITIALIZED_AUTOS = YES_AGGRESSIVE;
				GCC_WARN_UNUSED_FUNCTION = YES;
				GCC_WARN_UNUSED_VARIABLE = YES;
				IPHONEOS_DEPLOYMENT_TARGET = 9.2;
				MTL_ENABLE_DEBUG_INFO = YES;
				ONLY_ACTIVE_ARCH = YES;
				SDKROOT = iphoneos;
				TARGETED_DEVICE_FAMILY = "1,2";
			};
			name = Debug;
		};
		BA7589531D668CEF00D8BCCE /* Release */ = {
			isa = XCBuildConfiguration;
			buildSettings = {
				ALWAYS_SEARCH_USER_PATHS = NO;
				CLANG_CXX_LANGUAGE_STANDARD = "gnu++0x";
				CLANG_CXX_LIBRARY = "libc++";
				CLANG_ENABLE_MODULES = YES;
				CLANG_ENABLE_OBJC_ARC = YES;
				CLANG_WARN_BOOL_CONVERSION = YES;
				CLANG_WARN_CONSTANT_CONVERSION = YES;
				CLANG_WARN_DIRECT_OBJC_ISA_USAGE = YES_ERROR;
				CLANG_WARN_EMPTY_BODY = YES;
				CLANG_WARN_ENUM_CONVERSION = YES;
				CLANG_WARN_INT_CONVERSION = YES;
				CLANG_WARN_OBJC_ROOT_CLASS = YES_ERROR;
				CLANG_WARN_UNREACHABLE_CODE = YES;
				CLANG_WARN__DUPLICATE_METHOD_MATCH = YES;
				"CODE_SIGN_IDENTITY[sdk=iphoneos*]" = "iPhone Developer";
				COPY_PHASE_STRIP = NO;
				DEBUG_INFORMATION_FORMAT = "dwarf-with-dsym";
				ENABLE_NS_ASSERTIONS = NO;
				ENABLE_STRICT_OBJC_MSGSEND = YES;
				GCC_C_LANGUAGE_STANDARD = gnu99;
				GCC_NO_COMMON_BLOCKS = YES;
				GCC_WARN_64_TO_32_BIT_CONVERSION = YES;
				GCC_WARN_ABOUT_RETURN_TYPE = YES_ERROR;
				GCC_WARN_UNDECLARED_SELECTOR = YES;
				GCC_WARN_UNINITIALIZED_AUTOS = YES_AGGRESSIVE;
				GCC_WARN_UNUSED_FUNCTION = YES;
				GCC_WARN_UNUSED_VARIABLE = YES;
				IPHONEOS_DEPLOYMENT_TARGET = 9.2;
				MTL_ENABLE_DEBUG_INFO = NO;
				SDKROOT = iphoneos;
				TARGETED_DEVICE_FAMILY = "1,2";
				VALIDATE_PRODUCT = YES;
			};
			name = Release;
		};
		BA7589551D668CEF00D8BCCE /* Debug */ = {
			isa = XCBuildConfiguration;
			buildSettings = {
				ASSETCATALOG_COMPILER_APPICON_NAME = AppIcon;
				INFOPLIST_FILE = "索引列表/Info.plist";
				IPHONEOS_DEPLOYMENT_TARGET = 8.0;
				LD_RUNPATH_SEARCH_PATHS = "$(inherited) @executable_path/Frameworks";
				PRODUCT_BUNDLE_IDENTIFIER = "com.hbgl.----";
				PRODUCT_NAME = "$(TARGET_NAME)";
			};
			name = Debug;
		};
		BA7589561D668CEF00D8BCCE /* Release */ = {
			isa = XCBuildConfiguration;
			buildSettings = {
				ASSETCATALOG_COMPILER_APPICON_NAME = AppIcon;
				INFOPLIST_FILE = "索引列表/Info.plist";
				IPHONEOS_DEPLOYMENT_TARGET = 8.0;
				LD_RUNPATH_SEARCH_PATHS = "$(inherited) @executable_path/Frameworks";
				PRODUCT_BUNDLE_IDENTIFIER = "com.hbgl.----";
				PRODUCT_NAME = "$(TARGET_NAME)";
			};
			name = Release;
		};
		BA7589581D668CEF00D8BCCE /* Debug */ = {
			isa = XCBuildConfiguration;
			buildSettings = {
				BUNDLE_LOADER = "$(TEST_HOST)";
				INFOPLIST_FILE = "索引列表Tests/Info.plist";
				LD_RUNPATH_SEARCH_PATHS = "$(inherited) @executable_path/Frameworks @loader_path/Frameworks";
				PRODUCT_BUNDLE_IDENTIFIER = "com.hbgl.----Tests";
				PRODUCT_NAME = "$(TARGET_NAME)";
				TEST_HOST = "$(BUILT_PRODUCTS_DIR)/索引列表.app/索引列表";
			};
			name = Debug;
		};
		BA7589591D668CEF00D8BCCE /* Release */ = {
			isa = XCBuildConfiguration;
			buildSettings = {
				BUNDLE_LOADER = "$(TEST_HOST)";
				INFOPLIST_FILE = "索引列表Tests/Info.plist";
				LD_RUNPATH_SEARCH_PATHS = "$(inherited) @executable_path/Frameworks @loader_path/Frameworks";
				PRODUCT_BUNDLE_IDENTIFIER = "com.hbgl.----Tests";
				PRODUCT_NAME = "$(TARGET_NAME)";
				TEST_HOST = "$(BUILT_PRODUCTS_DIR)/索引列表.app/索引列表";
			};
			name = Release;
		};
		BA75895B1D668CEF00D8BCCE /* Debug */ = {
			isa = XCBuildConfiguration;
			buildSettings = {
				INFOPLIST_FILE = "索引列表UITests/Info.plist";
				LD_RUNPATH_SEARCH_PATHS = "$(inherited) @executable_path/Frameworks @loader_path/Frameworks";
				PRODUCT_BUNDLE_IDENTIFIER = "com.hbgl.----UITests";
				PRODUCT_NAME = "$(TARGET_NAME)";
				TEST_TARGET_NAME = "索引列表";
				USES_XCTRUNNER = YES;
			};
			name = Debug;
		};
		BA75895C1D668CEF00D8BCCE /* Release */ = {
			isa = XCBuildConfiguration;
			buildSettings = {
				INFOPLIST_FILE = "索引列表UITests/Info.plist";
				LD_RUNPATH_SEARCH_PATHS = "$(inherited) @executable_path/Frameworks @loader_path/Frameworks";
				PRODUCT_BUNDLE_IDENTIFIER = "com.hbgl.----UITests";
				PRODUCT_NAME = "$(TARGET_NAME)";
				TEST_TARGET_NAME = "索引列表";
				USES_XCTRUNNER = YES;
			};
			name = Release;
		};
/* End XCBuildConfiguration section */

/* Begin XCConfigurationList section */
		BA7589221D668CEE00D8BCCE /* Build configuration list for PBXProject "索引列表" */ = {
			isa = XCConfigurationList;
			buildConfigurations = (
				BA7589521D668CEF00D8BCCE /* Debug */,
				BA7589531D668CEF00D8BCCE /* Release */,
			);
			defaultConfigurationIsVisible = 0;
			defaultConfigurationName = Release;
		};
		BA7589541D668CEF00D8BCCE /* Build configuration list for PBXNativeTarget "索引列表" */ = {
			isa = XCConfigurationList;
			buildConfigurations = (
				BA7589551D668CEF00D8BCCE /* Debug */,
				BA7589561D668CEF00D8BCCE /* Release */,
			);
			defaultConfigurationIsVisible = 0;
		};
		BA7589571D668CEF00D8BCCE /* Build configuration list for PBXNativeTarget "索引列表Tests" */ = {
			isa = XCConfigurationList;
			buildConfigurations = (
				BA7589581D668CEF00D8BCCE /* Debug */,
				BA7589591D668CEF00D8BCCE /* Release */,
			);
			defaultConfigurationIsVisible = 0;
		};
		BA75895A1D668CEF00D8BCCE /* Build configuration list for PBXNativeTarget "索引列表UITests" */ = {
			isa = XCConfigurationList;
			buildConfigurations = (
				BA75895B1D668CEF00D8BCCE /* Debug */,
				BA75895C1D668CEF00D8BCCE /* Release */,
			);
			defaultConfigurationIsVisible = 0;
		};
/* End XCConfigurationList section */
	};
	rootObject = BA75891F1D668CEE00D8BCCE /* Project object */;
}
